
Microsoft Visual Studio Solution File, Format Version 12.00
# Visual Studio 14
VisualStudioVersion = 14.0.24720.0
MinimumVisualStudioVersion = 10.0.40219.1
Project("{8BC9CEB8-8B4A-11D0-8D11-00A0C91BC942}") = "00", "00\00.vcxproj", "{182CAFCB-D724-4935-9BE4-1C42DF6A35B4}"
EndProject
Project("{8BC9CEB8-8B4A-11D0-8D11-00A0C91BC942}") = "01 LinkListDictionary", "01 LinkListDictionary\01 LinkListDictionary.vcxproj", "{9590A1D0-E062-41BD-8AAC-EBCAB032EE7F}"
EndProject
Global
	GlobalSection(SolutionConfigurationPlatforms) = preSolution
		Debug|x64 = Debug|x64
		Debug|x86 = Debug|x86
		Release|x64 = Release|x64
		Release|x86 = Release|x86
	EndGlobalSection
	GlobalSection(ProjectConfigurationPlatforms) = postSolution
		{182CAFCB-D724-4935-9BE4-1C42DF6A35B4}.Debug|x64.ActiveCfg = Debug|x64
		{182CAFCB-D724-4935-9BE4-1C42DF6A35B4}.Debug|x64.Build.0 = Debug|x64
		{182CAFCB-D724-4935-9BE4-1C42DF6A35B4}.Debug|x86.ActiveCfg = Debug|Win32
		{182CAFCB-D724-4935-9BE4-1C42DF6A35B4}.Debug|x86.Build.0 = Debug|Win32
		{182CAFCB-D724-4935-9BE4-1C42DF6A35B4}.Release|x64.ActiveCfg = Release|x64
		{182CAFCB-D724-4935-9BE4-1C42DF6A35B4}.Release|x64.Build.0 = Release|x64
		{182CAFCB-D724-4935-9BE4-1C42DF6A35B4}.Release|x86.ActiveCfg = Release|Win32
		{182CAFCB-D724-4935-9BE4-1C42DF6A35B4}.Release|x86.Build.0 = Release|Win32
		{9590A1D0-E062-41BD-8AAC-EBCAB032EE7F}.Debug|x64.ActiveCfg = Debug|x64
		{9590A1D0-E062-41BD-8AAC-EBCAB032EE7F}.Debug|x64.Build.0 = Debug|x64
		{9590A1D0-E062-41BD-8AAC-EBCAB032EE7F}.Debug|x86.ActiveCfg = Debug|Win32
		{9590A1D0-E062-41BD-8AAC-EBCAB032EE7F}.Debug|x86.Build.0 = Debug|Win32
		{9590A1D0-E062-41BD-8AAC-EBCAB032EE7F}.Release|x64.ActiveCfg = Release|x64
		{9590A1D0-E062-41BD-8AAC-EBCAB032EE7F}.Release|x64.Build.0 = Release|x64
		{9590A1D0-E062-41BD-8AAC-EBCAB032EE7F}.Release|x86.ActiveCfg = Release|Win32
		{9590A1D0-E062-41BD-8AAC-EBCAB032EE7F}.Release|x86.Build.0 = Release|Win32
	EndGlobalSection
	GlobalSection(SolutionProperties) = preSolution
		HideSolutionNode = FALSE
	EndGlobalSection
EndGlobal
