
Microsoft Visual Studio Solution File, Format Version 12.00
# Visual Studio 14
VisualStudioVersion = 14.0.24720.0
MinimumVisualStudioVersion = 10.0.40219.1
Project("{8BC9CEB8-8B4A-11D0-8D11-00A0C91BC942}") = "01 ScoreJudge", "0315 exercise\0315 exercise.vcxproj", "{F15CDDA1-998D-4EB9-97B3-A21B3B77AB49}"
EndProject
Project("{8BC9CEB8-8B4A-11D0-8D11-00A0C91BC942}") = "02 ScoreAverage", "02 ScoreAverage\02 ScoreAverage.vcxproj", "{6A4D0808-BF7C-48BD-83E7-D9C2EE2ADE47}"
EndProject
Project("{8BC9CEB8-8B4A-11D0-8D11-00A0C91BC942}") = "03 PerfectNumber", "03 PerfectNumber\03 PerfectNumber.vcxproj", "{8BB447AC-59A9-41A2-869E-5283DEE0D3E7}"
EndProject
Project("{8BC9CEB8-8B4A-11D0-8D11-00A0C91BC942}") = "04 Combination", "04 C(n,r)\04 C(n,r).vcxproj", "{20C783B9-26B9-430E-A924-4E86516802BD}"
EndProject
Project("{8BC9CEB8-8B4A-11D0-8D11-00A0C91BC942}") = "05 99MultiplicationTable", "05 99MultiplicationTable\05 99MultiplicationTable.vcxproj", "{BF61CF41-62AC-4217-AF97-D9DCE6F2182A}"
EndProject
Project("{8BC9CEB8-8B4A-11D0-8D11-00A0C91BC942}") = "06", "06\06.vcxproj", "{C1F83B19-77D8-4F8F-A9ED-685BB4BADE04}"
EndProject
Project("{8BC9CEB8-8B4A-11D0-8D11-00A0C91BC942}") = "07", "07\07.vcxproj", "{FC487984-408E-41C8-B387-97114C81A0C2}"
EndProject
Global
	GlobalSection(SolutionConfigurationPlatforms) = preSolution
		Debug|x64 = Debug|x64
		Debug|x86 = Debug|x86
		Release|x64 = Release|x64
		Release|x86 = Release|x86
	EndGlobalSection
	GlobalSection(ProjectConfigurationPlatforms) = postSolution
		{F15CDDA1-998D-4EB9-97B3-A21B3B77AB49}.Debug|x64.ActiveCfg = Debug|x64
		{F15CDDA1-998D-4EB9-97B3-A21B3B77AB49}.Debug|x64.Build.0 = Debug|x64
		{F15CDDA1-998D-4EB9-97B3-A21B3B77AB49}.Debug|x86.ActiveCfg = Debug|Win32
		{F15CDDA1-998D-4EB9-97B3-A21B3B77AB49}.Debug|x86.Build.0 = Debug|Win32
		{F15CDDA1-998D-4EB9-97B3-A21B3B77AB49}.Release|x64.ActiveCfg = Release|x64
		{F15CDDA1-998D-4EB9-97B3-A21B3B77AB49}.Release|x64.Build.0 = Release|x64
		{F15CDDA1-998D-4EB9-97B3-A21B3B77AB49}.Release|x86.ActiveCfg = Release|Win32
		{F15CDDA1-998D-4EB9-97B3-A21B3B77AB49}.Release|x86.Build.0 = Release|Win32
		{6A4D0808-BF7C-48BD-83E7-D9C2EE2ADE47}.Debug|x64.ActiveCfg = Debug|x64
		{6A4D0808-BF7C-48BD-83E7-D9C2EE2ADE47}.Debug|x64.Build.0 = Debug|x64
		{6A4D0808-BF7C-48BD-83E7-D9C2EE2ADE47}.Debug|x86.ActiveCfg = Debug|Win32
		{6A4D0808-BF7C-48BD-83E7-D9C2EE2ADE47}.Debug|x86.Build.0 = Debug|Win32
		{6A4D0808-BF7C-48BD-83E7-D9C2EE2ADE47}.Release|x64.ActiveCfg = Release|x64
		{6A4D0808-BF7C-48BD-83E7-D9C2EE2ADE47}.Release|x64.Build.0 = Release|x64
		{6A4D0808-BF7C-48BD-83E7-D9C2EE2ADE47}.Release|x86.ActiveCfg = Release|Win32
		{6A4D0808-BF7C-48BD-83E7-D9C2EE2ADE47}.Release|x86.Build.0 = Release|Win32
		{8BB447AC-59A9-41A2-869E-5283DEE0D3E7}.Debug|x64.ActiveCfg = Debug|x64
		{8BB447AC-59A9-41A2-869E-5283DEE0D3E7}.Debug|x64.Build.0 = Debug|x64
		{8BB447AC-59A9-41A2-869E-5283DEE0D3E7}.Debug|x86.ActiveCfg = Debug|Win32
		{8BB447AC-59A9-41A2-869E-5283DEE0D3E7}.Debug|x86.Build.0 = Debug|Win32
		{8BB447AC-59A9-41A2-869E-5283DEE0D3E7}.Release|x64.ActiveCfg = Release|x64
		{8BB447AC-59A9-41A2-869E-5283DEE0D3E7}.Release|x64.Build.0 = Release|x64
		{8BB447AC-59A9-41A2-869E-5283DEE0D3E7}.Release|x86.ActiveCfg = Release|Win32
		{8BB447AC-59A9-41A2-869E-5283DEE0D3E7}.Release|x86.Build.0 = Release|Win32
		{20C783B9-26B9-430E-A924-4E86516802BD}.Debug|x64.ActiveCfg = Debug|x64
		{20C783B9-26B9-430E-A924-4E86516802BD}.Debug|x64.Build.0 = Debug|x64
		{20C783B9-26B9-430E-A924-4E86516802BD}.Debug|x86.ActiveCfg = Debug|Win32
		{20C783B9-26B9-430E-A924-4E86516802BD}.Debug|x86.Build.0 = Debug|Win32
		{20C783B9-26B9-430E-A924-4E86516802BD}.Release|x64.ActiveCfg = Release|x64
		{20C783B9-26B9-430E-A924-4E86516802BD}.Release|x64.Build.0 = Release|x64
		{20C783B9-26B9-430E-A924-4E86516802BD}.Release|x86.ActiveCfg = Release|Win32
		{20C783B9-26B9-430E-A924-4E86516802BD}.Release|x86.Build.0 = Release|Win32
		{BF61CF41-62AC-4217-AF97-D9DCE6F2182A}.Debug|x64.ActiveCfg = Debug|x64
		{BF61CF41-62AC-4217-AF97-D9DCE6F2182A}.Debug|x64.Build.0 = Debug|x64
		{BF61CF41-62AC-4217-AF97-D9DCE6F2182A}.Debug|x86.ActiveCfg = Debug|Win32
		{BF61CF41-62AC-4217-AF97-D9DCE6F2182A}.Debug|x86.Build.0 = Debug|Win32
		{BF61CF41-62AC-4217-AF97-D9DCE6F2182A}.Release|x64.ActiveCfg = Release|x64
		{BF61CF41-62AC-4217-AF97-D9DCE6F2182A}.Release|x64.Build.0 = Release|x64
		{BF61CF41-62AC-4217-AF97-D9DCE6F2182A}.Release|x86.ActiveCfg = Release|Win32
		{BF61CF41-62AC-4217-AF97-D9DCE6F2182A}.Release|x86.Build.0 = Release|Win32
		{C1F83B19-77D8-4F8F-A9ED-685BB4BADE04}.Debug|x64.ActiveCfg = Debug|x64
		{C1F83B19-77D8-4F8F-A9ED-685BB4BADE04}.Debug|x64.Build.0 = Debug|x64
		{C1F83B19-77D8-4F8F-A9ED-685BB4BADE04}.Debug|x86.ActiveCfg = Debug|Win32
		{C1F83B19-77D8-4F8F-A9ED-685BB4BADE04}.Debug|x86.Build.0 = Debug|Win32
		{C1F83B19-77D8-4F8F-A9ED-685BB4BADE04}.Release|x64.ActiveCfg = Release|x64
		{C1F83B19-77D8-4F8F-A9ED-685BB4BADE04}.Release|x64.Build.0 = Release|x64
		{C1F83B19-77D8-4F8F-A9ED-685BB4BADE04}.Release|x86.ActiveCfg = Release|Win32
		{C1F83B19-77D8-4F8F-A9ED-685BB4BADE04}.Release|x86.Build.0 = Release|Win32
		{FC487984-408E-41C8-B387-97114C81A0C2}.Debug|x64.ActiveCfg = Debug|x64
		{FC487984-408E-41C8-B387-97114C81A0C2}.Debug|x64.Build.0 = Debug|x64
		{FC487984-408E-41C8-B387-97114C81A0C2}.Debug|x86.ActiveCfg = Debug|Win32
		{FC487984-408E-41C8-B387-97114C81A0C2}.Debug|x86.Build.0 = Debug|Win32
		{FC487984-408E-41C8-B387-97114C81A0C2}.Release|x64.ActiveCfg = Release|x64
		{FC487984-408E-41C8-B387-97114C81A0C2}.Release|x64.Build.0 = Release|x64
		{FC487984-408E-41C8-B387-97114C81A0C2}.Release|x86.ActiveCfg = Release|Win32
		{FC487984-408E-41C8-B387-97114C81A0C2}.Release|x86.Build.0 = Release|Win32
	EndGlobalSection
	GlobalSection(SolutionProperties) = preSolution
		HideSolutionNode = FALSE
	EndGlobalSection
EndGlobal
