
Microsoft Visual Studio Solution File, Format Version 12.00
# Visual Studio 14
VisualStudioVersion = 14.0.24720.0
MinimumVisualStudioVersion = 10.0.40219.1
Project("{8BC9CEB8-8B4A-11D0-8D11-00A0C91BC942}") = "01 UpperLower (Function)", "0329 exercise\0329 exercise.vcxproj", "{C1F2C785-047A-493B-9A44-15C946A03FEA}"
EndProject
Project("{8BC9CEB8-8B4A-11D0-8D11-00A0C91BC942}") = "01 UpperLower (HanderFile)", "01 UpperLower ()\01 UpperLower ().vcxproj", "{FBA42BAF-C06B-4F45-A026-BB8A397CE392}"
EndProject
Project("{8BC9CEB8-8B4A-11D0-8D11-00A0C91BC942}") = "02 GuessLitter", "02 GeeseLitter\02 GeeseLitter.vcxproj", "{492289C7-67AD-4804-B4AE-ACE453DE8D18}"
EndProject
Global
	GlobalSection(SolutionConfigurationPlatforms) = preSolution
		Debug|x64 = Debug|x64
		Debug|x86 = Debug|x86
		Release|x64 = Release|x64
		Release|x86 = Release|x86
	EndGlobalSection
	GlobalSection(ProjectConfigurationPlatforms) = postSolution
		{C1F2C785-047A-493B-9A44-15C946A03FEA}.Debug|x64.ActiveCfg = Debug|x64
		{C1F2C785-047A-493B-9A44-15C946A03FEA}.Debug|x64.Build.0 = Debug|x64
		{C1F2C785-047A-493B-9A44-15C946A03FEA}.Debug|x86.ActiveCfg = Debug|Win32
		{C1F2C785-047A-493B-9A44-15C946A03FEA}.Debug|x86.Build.0 = Debug|Win32
		{C1F2C785-047A-493B-9A44-15C946A03FEA}.Release|x64.ActiveCfg = Release|x64
		{C1F2C785-047A-493B-9A44-15C946A03FEA}.Release|x64.Build.0 = Release|x64
		{C1F2C785-047A-493B-9A44-15C946A03FEA}.Release|x86.ActiveCfg = Release|Win32
		{C1F2C785-047A-493B-9A44-15C946A03FEA}.Release|x86.Build.0 = Release|Win32
		{FBA42BAF-C06B-4F45-A026-BB8A397CE392}.Debug|x64.ActiveCfg = Debug|x64
		{FBA42BAF-C06B-4F45-A026-BB8A397CE392}.Debug|x64.Build.0 = Debug|x64
		{FBA42BAF-C06B-4F45-A026-BB8A397CE392}.Debug|x86.ActiveCfg = Debug|Win32
		{FBA42BAF-C06B-4F45-A026-BB8A397CE392}.Debug|x86.Build.0 = Debug|Win32
		{FBA42BAF-C06B-4F45-A026-BB8A397CE392}.Release|x64.ActiveCfg = Release|x64
		{FBA42BAF-C06B-4F45-A026-BB8A397CE392}.Release|x64.Build.0 = Release|x64
		{FBA42BAF-C06B-4F45-A026-BB8A397CE392}.Release|x86.ActiveCfg = Release|Win32
		{FBA42BAF-C06B-4F45-A026-BB8A397CE392}.Release|x86.Build.0 = Release|Win32
		{492289C7-67AD-4804-B4AE-ACE453DE8D18}.Debug|x64.ActiveCfg = Debug|x64
		{492289C7-67AD-4804-B4AE-ACE453DE8D18}.Debug|x64.Build.0 = Debug|x64
		{492289C7-67AD-4804-B4AE-ACE453DE8D18}.Debug|x86.ActiveCfg = Debug|Win32
		{492289C7-67AD-4804-B4AE-ACE453DE8D18}.Debug|x86.Build.0 = Debug|Win32
		{492289C7-67AD-4804-B4AE-ACE453DE8D18}.Release|x64.ActiveCfg = Release|x64
		{492289C7-67AD-4804-B4AE-ACE453DE8D18}.Release|x64.Build.0 = Release|x64
		{492289C7-67AD-4804-B4AE-ACE453DE8D18}.Release|x86.ActiveCfg = Release|Win32
		{492289C7-67AD-4804-B4AE-ACE453DE8D18}.Release|x86.Build.0 = Release|Win32
	EndGlobalSection
	GlobalSection(SolutionProperties) = preSolution
		HideSolutionNode = FALSE
	EndGlobalSection
EndGlobal
